
Microsoft Visual Studio Solution File, Format Version 12.00
# Visual Studio 15
VisualStudioVersion = 15.0.27004.2010
MinimumVisualStudioVersion = 10.0.40219.1
Project("{FAE04EC0-301F-11D3-BF4B-00C04F79EFBC}") = "MCGv4", "MCGv4\MCGv4.csproj", "{F5A751A9-3C38-42B3-8DA9-C82129BC0EF9}"
EndProject
Project("{FAE04EC0-301F-11D3-BF4B-00C04F79EFBC}") = "MCGv4Test", "MCGv4Test\MCGv4Test.csproj", "{7FC10B7D-F840-45C9-9F33-72572F8849DE}"
EndProject
Project("{FAE04EC0-301F-11D3-BF4B-00C04F79EFBC}") = "MCGv4Tests", "MCGv4Tests\MCGv4Tests.csproj", "{2F3A11FE-32D1-4166-8889-340A296D3845}"
EndProject
Global
	GlobalSection(SolutionConfigurationPlatforms) = preSolution
		Debug|Any CPU = Debug|Any CPU
		Release|Any CPU = Release|Any CPU
	EndGlobalSection
	GlobalSection(ProjectConfigurationPlatforms) = postSolution
		{F5A751A9-3C38-42B3-8DA9-C82129BC0EF9}.Debug|Any CPU.ActiveCfg = Debug|Any CPU
		{F5A751A9-3C38-42B3-8DA9-C82129BC0EF9}.Debug|Any CPU.Build.0 = Debug|Any CPU
		{F5A751A9-3C38-42B3-8DA9-C82129BC0EF9}.Release|Any CPU.ActiveCfg = Release|Any CPU
		{F5A751A9-3C38-42B3-8DA9-C82129BC0EF9}.Release|Any CPU.Build.0 = Release|Any CPU
		{7FC10B7D-F840-45C9-9F33-72572F8849DE}.Debug|Any CPU.ActiveCfg = Debug|Any CPU
		{7FC10B7D-F840-45C9-9F33-72572F8849DE}.Debug|Any CPU.Build.0 = Debug|Any CPU
		{7FC10B7D-F840-45C9-9F33-72572F8849DE}.Release|Any CPU.ActiveCfg = Release|Any CPU
		{7FC10B7D-F840-45C9-9F33-72572F8849DE}.Release|Any CPU.Build.0 = Release|Any CPU
		{2F3A11FE-32D1-4166-8889-340A296D3845}.Debug|Any CPU.ActiveCfg = Debug|Any CPU
		{2F3A11FE-32D1-4166-8889-340A296D3845}.Debug|Any CPU.Build.0 = Debug|Any CPU
		{2F3A11FE-32D1-4166-8889-340A296D3845}.Release|Any CPU.ActiveCfg = Release|Any CPU
		{2F3A11FE-32D1-4166-8889-340A296D3845}.Release|Any CPU.Build.0 = Release|Any CPU
	EndGlobalSection
	GlobalSection(SolutionProperties) = preSolution
		HideSolutionNode = FALSE
	EndGlobalSection
	GlobalSection(ExtensibilityGlobals) = postSolution
		SolutionGuid = {831DB8D3-F884-4B51-9914-AA9649334B0B}
	EndGlobalSection
EndGlobal
